
Microsoft Visual Studio Solution File, Format Version 12.00
Project("{FAE04EC0-301F-11D3-BF4B-00C04F79EFBC}") = "AccesModifiers", "AccesModifiers\AccesModifiers.csproj", "{A027548E-22A4-4996-8A3F-BB3361118D6F}"
EndProject
Global
	GlobalSection(SolutionConfigurationPlatforms) = preSolution
		Debug|Any CPU = Debug|Any CPU
		Release|Any CPU = Release|Any CPU
	EndGlobalSection
	GlobalSection(ProjectConfigurationPlatforms) = postSolution
		{A027548E-22A4-4996-8A3F-BB3361118D6F}.Debug|Any CPU.ActiveCfg = Debug|Any CPU
		{A027548E-22A4-4996-8A3F-BB3361118D6F}.Debug|Any CPU.Build.0 = Debug|Any CPU
		{A027548E-22A4-4996-8A3F-BB3361118D6F}.Release|Any CPU.ActiveCfg = Release|Any CPU
		{A027548E-22A4-4996-8A3F-BB3361118D6F}.Release|Any CPU.Build.0 = Release|Any CPU
	EndGlobalSection
EndGlobal
