
Microsoft Visual Studio Solution File, Format Version 12.00
# Visual Studio Version 16
VisualStudioVersion = 16.0.31129.286
MinimumVisualStudioVersion = 10.0.40219.1
Project("{FAE04EC0-301F-11D3-BF4B-00C04F79EFBC}") = "IntroductionToOOP", "IntroductionToOOP\IntroductionToOOP.csproj", "{81EDFB9A-6CC2-4316-92C3-1AC64DD1C68D}"
EndProject
Global
	GlobalSection(SolutionConfigurationPlatforms) = preSolution
		Debug|Any CPU = Debug|Any CPU
		Release|Any CPU = Release|Any CPU
	EndGlobalSection
	GlobalSection(ProjectConfigurationPlatforms) = postSolution
		{81EDFB9A-6CC2-4316-92C3-1AC64DD1C68D}.Debug|Any CPU.ActiveCfg = Debug|Any CPU
		{81EDFB9A-6CC2-4316-92C3-1AC64DD1C68D}.Debug|Any CPU.Build.0 = Debug|Any CPU
		{81EDFB9A-6CC2-4316-92C3-1AC64DD1C68D}.Release|Any CPU.ActiveCfg = Release|Any CPU
		{81EDFB9A-6CC2-4316-92C3-1AC64DD1C68D}.Release|Any CPU.Build.0 = Release|Any CPU
	EndGlobalSection
	GlobalSection(SolutionProperties) = preSolution
		HideSolutionNode = FALSE
	EndGlobalSection
	GlobalSection(ExtensibilityGlobals) = postSolution
		SolutionGuid = {3864F065-010B-4E8F-8661-CFD587399C1A}
	EndGlobalSection
EndGlobal
