
Microsoft Visual Studio Solution File, Format Version 12.00
Project("{FAE04EC0-301F-11D3-BF4B-00C04F79EFBC}") = "IntoductionToOOP-5", "IntoductionToOOP-5\IntoductionToOOP-5.csproj", "{425D4901-F1BF-44D2-A5E6-9C80D6325296}"
EndProject
Global
	GlobalSection(SolutionConfigurationPlatforms) = preSolution
		Debug|Any CPU = Debug|Any CPU
		Release|Any CPU = Release|Any CPU
	EndGlobalSection
	GlobalSection(ProjectConfigurationPlatforms) = postSolution
		{425D4901-F1BF-44D2-A5E6-9C80D6325296}.Debug|Any CPU.ActiveCfg = Debug|Any CPU
		{425D4901-F1BF-44D2-A5E6-9C80D6325296}.Debug|Any CPU.Build.0 = Debug|Any CPU
		{425D4901-F1BF-44D2-A5E6-9C80D6325296}.Release|Any CPU.ActiveCfg = Release|Any CPU
		{425D4901-F1BF-44D2-A5E6-9C80D6325296}.Release|Any CPU.Build.0 = Release|Any CPU
	EndGlobalSection
EndGlobal
