
Microsoft Visual Studio Solution File, Format Version 12.00
# Visual Studio Version 16
VisualStudioVersion = 16.0.31112.23
MinimumVisualStudioVersion = 10.0.40219.1
Project("{FAE04EC0-301F-11D3-BF4B-00C04F79EFBC}") = "SüperMarket", "SüperMarket\SüperMarket.csproj", "{B95367E6-5C17-4D13-B80B-B503215E648A}"
EndProject
Global
	GlobalSection(SolutionConfigurationPlatforms) = preSolution
		Debug|Any CPU = Debug|Any CPU
		Release|Any CPU = Release|Any CPU
	EndGlobalSection
	GlobalSection(ProjectConfigurationPlatforms) = postSolution
		{B95367E6-5C17-4D13-B80B-B503215E648A}.Debug|Any CPU.ActiveCfg = Debug|Any CPU
		{B95367E6-5C17-4D13-B80B-B503215E648A}.Debug|Any CPU.Build.0 = Debug|Any CPU
		{B95367E6-5C17-4D13-B80B-B503215E648A}.Release|Any CPU.ActiveCfg = Release|Any CPU
		{B95367E6-5C17-4D13-B80B-B503215E648A}.Release|Any CPU.Build.0 = Release|Any CPU
	EndGlobalSection
	GlobalSection(SolutionProperties) = preSolution
		HideSolutionNode = FALSE
	EndGlobalSection
	GlobalSection(ExtensibilityGlobals) = postSolution
		SolutionGuid = {64AAD835-AB5E-446B-BCF7-F6D99D25AB30}
	EndGlobalSection
EndGlobal
