
Microsoft Visual Studio Solution File, Format Version 12.00
# Visual Studio Version 16
VisualStudioVersion = 16.0.31129.286
MinimumVisualStudioVersion = 10.0.40219.1
Project("{FAE04EC0-301F-11D3-BF4B-00C04F79EFBC}") = "FindDaySectionMorning-Evening", "FindDaySectionMorning-Evening\FindDaySectionMorning-Evening.csproj", "{AFF28F9E-262B-4A56-AD2C-A3C71AEFEDA8}"
EndProject
Global
	GlobalSection(SolutionConfigurationPlatforms) = preSolution
		Debug|Any CPU = Debug|Any CPU
		Release|Any CPU = Release|Any CPU
	EndGlobalSection
	GlobalSection(ProjectConfigurationPlatforms) = postSolution
		{AFF28F9E-262B-4A56-AD2C-A3C71AEFEDA8}.Debug|Any CPU.ActiveCfg = Debug|Any CPU
		{AFF28F9E-262B-4A56-AD2C-A3C71AEFEDA8}.Debug|Any CPU.Build.0 = Debug|Any CPU
		{AFF28F9E-262B-4A56-AD2C-A3C71AEFEDA8}.Release|Any CPU.ActiveCfg = Release|Any CPU
		{AFF28F9E-262B-4A56-AD2C-A3C71AEFEDA8}.Release|Any CPU.Build.0 = Release|Any CPU
	EndGlobalSection
	GlobalSection(SolutionProperties) = preSolution
		HideSolutionNode = FALSE
	EndGlobalSection
	GlobalSection(ExtensibilityGlobals) = postSolution
		SolutionGuid = {243C6E78-50BD-4C2B-B050-7D9DACE63650}
	EndGlobalSection
EndGlobal
