
Microsoft Visual Studio Solution File, Format Version 12.00
# Visual Studio Version 16
VisualStudioVersion = 16.0.31129.286
MinimumVisualStudioVersion = 10.0.40219.1
Project("{FAE04EC0-301F-11D3-BF4B-00C04F79EFBC}") = "IntroductionToOOP-3", "IntroductionToOOP-3\IntroductionToOOP-3.csproj", "{80F6A2E2-5A6C-4107-A938-B9A8BEDD314C}"
EndProject
Global
	GlobalSection(SolutionConfigurationPlatforms) = preSolution
		Debug|Any CPU = Debug|Any CPU
		Release|Any CPU = Release|Any CPU
	EndGlobalSection
	GlobalSection(ProjectConfigurationPlatforms) = postSolution
		{80F6A2E2-5A6C-4107-A938-B9A8BEDD314C}.Debug|Any CPU.ActiveCfg = Debug|Any CPU
		{80F6A2E2-5A6C-4107-A938-B9A8BEDD314C}.Debug|Any CPU.Build.0 = Debug|Any CPU
		{80F6A2E2-5A6C-4107-A938-B9A8BEDD314C}.Release|Any CPU.ActiveCfg = Release|Any CPU
		{80F6A2E2-5A6C-4107-A938-B9A8BEDD314C}.Release|Any CPU.Build.0 = Release|Any CPU
	EndGlobalSection
	GlobalSection(SolutionProperties) = preSolution
		HideSolutionNode = FALSE
	EndGlobalSection
	GlobalSection(ExtensibilityGlobals) = postSolution
		SolutionGuid = {49817501-B40A-4F16-88EB-3C517D3F846B}
	EndGlobalSection
EndGlobal
